# THIS IS AN AUTOGENERATED FILE. DO NOT EDIT THIS FILE DIRECTLY.
# yarn lockfile v1


es6-promise@^4.0.3:
  version "4.2.2"
  resolved "https://registry.yarnpkg.com/es6-promise/-/es6-promise-4.2.2.tgz#f722d7769af88bd33bc13ec6605e1f92966b82d9"

es6-promisify@^5.0.0:
  version "5.0.0"
  resolved "https://registry.yarnpkg.com/es6-promisify/-/es6-promisify-5.0.0.tgz#5109d62f3e56ea967c4b63505aef08291c8a5203"
  dependencies:
    es6-promise "^4.0.3"
